
Microsoft Visual Studio Solution File, Format Version 12.00
# Visual Studio Version 16
VisualStudioVersion = 16.0.29519.87
MinimumVisualStudioVersion = 10.0.40219.1
Project("{FAE04EC0-301F-11D3-BF4B-00C04F79EFBC}") = "Online T-Shirt Shop", "Online T-Shirt Shop\Online T-Shirt Shop.csproj", "{B583179B-B2CE-4E57-A11F-723AD7B137BD}"
EndProject
Global
	GlobalSection(SolutionConfigurationPlatforms) = preSolution
		Debug|Any CPU = Debug|Any CPU
		Release|Any CPU = Release|Any CPU
	EndGlobalSection
	GlobalSection(ProjectConfigurationPlatforms) = postSolution
		{B583179B-B2CE-4E57-A11F-723AD7B137BD}.Debug|Any CPU.ActiveCfg = Debug|Any CPU
		{B583179B-B2CE-4E57-A11F-723AD7B137BD}.Debug|Any CPU.Build.0 = Debug|Any CPU
		{B583179B-B2CE-4E57-A11F-723AD7B137BD}.Release|Any CPU.ActiveCfg = Release|Any CPU
		{B583179B-B2CE-4E57-A11F-723AD7B137BD}.Release|Any CPU.Build.0 = Release|Any CPU
	EndGlobalSection
	GlobalSection(SolutionProperties) = preSolution
		HideSolutionNode = FALSE
	EndGlobalSection
	GlobalSection(ExtensibilityGlobals) = postSolution
		SolutionGuid = {AE1DB16A-2924-465C-9128-EFEC93B1D29C}
	EndGlobalSection
EndGlobal
